// !$*UTF8*$!
{
	archiveVersion = 1;
	classes = {
	};
	objectVersion = 46;
	objects = {

/* Begin PBXBuildFile section */
		E106148F1C7E9F160064A32D /* SidebarVC.swift in Sources */ = {isa = PBXBuildFile; fileRef = E106148E1C7E9F160064A32D /* SidebarVC.swift */; };
		E10614911C7EA20D0064A32D /* TiendaVC.swift in Sources */ = {isa = PBXBuildFile; fileRef = E10614901C7EA20D0064A32D /* TiendaVC.swift */; };
		E115765B1C7E6774008AC053 /* SWRevealViewController.m in Sources */ = {isa = PBXBuildFile; fileRef = E115765A1C7E6774008AC053 /* SWRevealViewController.m */; };
		E115765F1C7E7E33008AC053 /* ManejarVC.swift in Sources */ = {isa = PBXBuildFile; fileRef = E115765E1C7E7E33008AC053 /* ManejarVC.swift */; };
		E11576631C7E8659008AC053 /* MapaVC.swift in Sources */ = {isa = PBXBuildFile; fileRef = E11576621C7E8659008AC053 /* MapaVC.swift */; };
		E17A4ACC1C7EB4D700ACFF42 /* MapKit.framework in Frameworks */ = {isa = PBXBuildFile; fileRef = E17A4ACB1C7EB4D700ACFF42 /* MapKit.framework */; };
		E17A4ACE1C7EB57A00ACFF42 /* PerfilVC.swift in Sources */ = {isa = PBXBuildFile; fileRef = E17A4ACD1C7EB57A00ACFF42 /* PerfilVC.swift */; };
		E17A4AD01C7EBA0300ACFF42 /* iAd.framework in Frameworks */ = {isa = PBXBuildFile; fileRef = E17A4ACF1C7EBA0300ACFF42 /* iAd.framework */; };
		E1BBE9661C7D3BC500564206 /* AppDelegate.swift in Sources */ = {isa = PBXBuildFile; fileRef = E1BBE9651C7D3BC500564206 /* AppDelegate.swift */; };
		E1BBE9681C7D3BC500564206 /* ViewController.swift in Sources */ = {isa = PBXBuildFile; fileRef = E1BBE9671C7D3BC500564206 /* ViewController.swift */; };
		E1BBE96B1C7D3BC500564206 /* Main.storyboard in Resources */ = {isa = PBXBuildFile; fileRef = E1BBE9691C7D3BC500564206 /* Main.storyboard */; };
		E1BBE96D1C7D3BC500564206 /* Assets.xcassets in Resources */ = {isa = PBXBuildFile; fileRef = E1BBE96C1C7D3BC500564206 /* Assets.xcassets */; };
		E1BBE9701C7D3BC500564206 /* LaunchScreen.storyboard in Resources */ = {isa = PBXBuildFile; fileRef = E1BBE96E1C7D3BC500564206 /* LaunchScreen.storyboard */; };
/* End PBXBuildFile section */

/* Begin PBXFileReference section */
		E106148E1C7E9F160064A32D /* SidebarVC.swift */ = {isa = PBXFileReference; fileEncoding = 4; lastKnownFileType = sourcecode.swift; path = SidebarVC.swift; sourceTree = "<group>"; };
		E10614901C7EA20D0064A32D /* TiendaVC.swift */ = {isa = PBXFileReference; fileEncoding = 4; lastKnownFileType = sourcecode.swift; path = TiendaVC.swift; sourceTree = "<group>"; };
		E11576581C7E6773008AC053 /* SmartDrive-Bridging-Header.h */ = {isa = PBXFileReference; lastKnownFileType = sourcecode.c.h; path = "SmartDrive-Bridging-Header.h"; sourceTree = "<group>"; };
		E11576591C7E6774008AC053 /* SWRevealViewController.h */ = {isa = PBXFileReference; fileEncoding = 4; lastKnownFileType = sourcecode.c.h; path = SWRevealViewController.h; sourceTree = "<group>"; };
		E115765A1C7E6774008AC053 /* SWRevealViewController.m */ = {isa = PBXFileReference; fileEncoding = 4; lastKnownFileType = sourcecode.c.objc; path = SWRevealViewController.m; sourceTree = "<group>"; };
		E115765E1C7E7E33008AC053 /* ManejarVC.swift */ = {isa = PBXFileReference; fileEncoding = 4; lastKnownFileType = sourcecode.swift; path = ManejarVC.swift; sourceTree = "<group>"; };
		E11576621C7E8659008AC053 /* MapaVC.swift */ = {isa = PBXFileReference; fileEncoding = 4; lastKnownFileType = sourcecode.swift; path = MapaVC.swift; sourceTree = "<group>"; };
		E17A4ACB1C7EB4D700ACFF42 /* MapKit.framework */ = {isa = PBXFileReference; lastKnownFileType = wrapper.framework; name = MapKit.framework; path = System/Library/Frameworks/MapKit.framework; sourceTree = SDKROOT; };
		E17A4ACD1C7EB57A00ACFF42 /* PerfilVC.swift */ = {isa = PBXFileReference; fileEncoding = 4; lastKnownFileType = sourcecode.swift; path = PerfilVC.swift; sourceTree = "<group>"; };
		E17A4ACF1C7EBA0300ACFF42 /* iAd.framework */ = {isa = PBXFileReference; lastKnownFileType = wrapper.framework; name = iAd.framework; path = System/Library/Frameworks/iAd.framework; sourceTree = SDKROOT; };
		E1BBE9621C7D3BC500564206 /* SmartDrive.app */ = {isa = PBXFileReference; explicitFileType = wrapper.application; includeInIndex = 0; path = SmartDrive.app; sourceTree = BUILT_PRODUCTS_DIR; };
		E1BBE9651C7D3BC500564206 /* AppDelegate.swift */ = {isa = PBXFileReference; lastKnownFileType = sourcecode.swift; path = AppDelegate.swift; sourceTree = "<group>"; };
		E1BBE9671C7D3BC500564206 /* ViewController.swift */ = {isa = PBXFileReference; lastKnownFileType = sourcecode.swift; path = ViewController.swift; sourceTree = "<group>"; };
		E1BBE96A1C7D3BC500564206 /* Base */ = {isa = PBXFileReference; lastKnownFileType = file.storyboard; name = Base; path = Base.lproj/Main.storyboard; sourceTree = "<group>"; };
		E1BBE96C1C7D3BC500564206 /* Assets.xcassets */ = {isa = PBXFileReference; lastKnownFileType = folder.assetcatalog; path = Assets.xcassets; sourceTree = "<group>"; };
		E1BBE96F1C7D3BC500564206 /* Base */ = {isa = PBXFileReference; lastKnownFileType = file.storyboard; name = Base; path = Base.lproj/LaunchScreen.storyboard; sourceTree = "<group>"; };
		E1BBE9711C7D3BC500564206 /* Info.plist */ = {isa = PBXFileReference; lastKnownFileType = text.plist.xml; path = Info.plist; sourceTree = "<group>"; };
/* End PBXFileReference section */

/* Begin PBXFrameworksBuildPhase section */
		E1BBE95F1C7D3BC500564206 /* Frameworks */ = {
			isa = PBXFrameworksBuildPhase;
			buildActionMask = 2147483647;
			files = (
				E17A4AD01C7EBA0300ACFF42 /* iAd.framework in Frameworks */,
				E17A4ACC1C7EB4D700ACFF42 /* MapKit.framework in Frameworks */,
			);
			runOnlyForDeploymentPostprocessing = 0;
		};
/* End PBXFrameworksBuildPhase section */

/* Begin PBXGroup section */
		E11576571C7E674E008AC053 /* WRevealViewController */ = {
			isa = PBXGroup;
			children = (
				E11576591C7E6774008AC053 /* SWRevealViewController.h */,
				E115765A1C7E6774008AC053 /* SWRevealViewController.m */,
				E11576581C7E6773008AC053 /* SmartDrive-Bridging-Header.h */,
			);
			name = WRevealViewController;
			sourceTree = "<group>";
		};
		E1BBE9591C7D3BC500564206 = {
			isa = PBXGroup;
			children = (
				E17A4ACF1C7EBA0300ACFF42 /* iAd.framework */,
				E17A4ACB1C7EB4D700ACFF42 /* MapKit.framework */,
				E1BBE9641C7D3BC500564206 /* SmartDrive */,
				E1BBE9631C7D3BC500564206 /* Products */,
			);
			sourceTree = "<group>";
		};
		E1BBE9631C7D3BC500564206 /* Products */ = {
			isa = PBXGroup;
			children = (
				E1BBE9621C7D3BC500564206 /* SmartDrive.app */,
			);
			name = Products;
			sourceTree = "<group>";
		};
		E1BBE9641C7D3BC500564206 /* SmartDrive */ = {
			isa = PBXGroup;
			children = (
				E11576571C7E674E008AC053 /* WRevealViewController */,
				E1BBE9651C7D3BC500564206 /* AppDelegate.swift */,
				E1BBE9671C7D3BC500564206 /* ViewController.swift */,
				E1BBE9691C7D3BC500564206 /* Main.storyboard */,
				E1BBE96C1C7D3BC500564206 /* Assets.xcassets */,
				E1BBE96E1C7D3BC500564206 /* LaunchScreen.storyboard */,
				E1BBE9711C7D3BC500564206 /* Info.plist */,
				E115765E1C7E7E33008AC053 /* ManejarVC.swift */,
				E11576621C7E8659008AC053 /* MapaVC.swift */,
				E106148E1C7E9F160064A32D /* SidebarVC.swift */,
				E10614901C7EA20D0064A32D /* TiendaVC.swift */,
				E17A4ACD1C7EB57A00ACFF42 /* PerfilVC.swift */,
			);
			path = SmartDrive;
			sourceTree = "<group>";
		};
/* End PBXGroup section */

/* Begin PBXNativeTarget section */
		E1BBE9611C7D3BC500564206 /* SmartDrive */ = {
			isa = PBXNativeTarget;
			buildConfigurationList = E1BBE9741C7D3BC500564206 /* Build configuration list for PBXNativeTarget "SmartDrive" */;
			buildPhases = (
				E1BBE95E1C7D3BC500564206 /* Sources */,
				E1BBE95F1C7D3BC500564206 /* Frameworks */,
				E1BBE9601C7D3BC500564206 /* Resources */,
			);
			buildRules = (
			);
			dependencies = (
			);
			name = SmartDrive;
			productName = SmartDrive;
			productReference = E1BBE9621C7D3BC500564206 /* SmartDrive.app */;
			productType = "com.apple.product-type.application";
		};
/* End PBXNativeTarget section */

/* Begin PBXProject section */
		E1BBE95A1C7D3BC500564206 /* Project object */ = {
			isa = PBXProject;
			attributes = {
				LastSwiftUpdateCheck = 0720;
				LastUpgradeCheck = 0720;
				ORGANIZATIONNAME = "Andres E Sedano";
				TargetAttributes = {
					E1BBE9611C7D3BC500564206 = {
						CreatedOnToolsVersion = 7.2.1;
						DevelopmentTeam = QH267RVK5T;
					};
				};
			};
			buildConfigurationList = E1BBE95D1C7D3BC500564206 /* Build configuration list for PBXProject "SmartDrive" */;
			compatibilityVersion = "Xcode 3.2";
			developmentRegion = English;
			hasScannedForEncodings = 0;
			knownRegions = (
				en,
				Base,
			);
			mainGroup = E1BBE9591C7D3BC500564206;
			productRefGroup = E1BBE9631C7D3BC500564206 /* Products */;
			projectDirPath = "";
			projectRoot = "";
			targets = (
				E1BBE9611C7D3BC500564206 /* SmartDrive */,
			);
		};
/* End PBXProject section */

/* Begin PBXResourcesBuildPhase section */
		E1BBE9601C7D3BC500564206 /* Resources */ = {
			isa = PBXResourcesBuildPhase;
			buildActionMask = 2147483647;
			files = (
				E1BBE9701C7D3BC500564206 /* LaunchScreen.storyboard in Resources */,
				E1BBE96D1C7D3BC500564206 /* Assets.xcassets in Resources */,
				E1BBE96B1C7D3BC500564206 /* Main.storyboard in Resources */,
			);
			runOnlyForDeploymentPostprocessing = 0;
		};
/* End PBXResourcesBuildPhase section */

/* Begin PBXSourcesBuildPhase section */
		E1BBE95E1C7D3BC500564206 /* Sources */ = {
			isa = PBXSourcesBuildPhase;
			buildActionMask = 2147483647;
			files = (
				E1BBE9681C7D3BC500564206 /* ViewController.swift in Sources */,
				E115765F1C7E7E33008AC053 /* ManejarVC.swift in Sources */,
				E10614911C7EA20D0064A32D /* TiendaVC.swift in Sources */,
				E1BBE9661C7D3BC500564206 /* AppDelegate.swift in Sources */,
				E17A4ACE1C7EB57A00ACFF42 /* PerfilVC.swift in Sources */,
				E106148F1C7E9F160064A32D /* SidebarVC.swift in Sources */,
				E115765B1C7E6774008AC053 /* SWRevealViewController.m in Sources */,
				E11576631C7E8659008AC053 /* MapaVC.swift in Sources */,
			);
			runOnlyForDeploymentPostprocessing = 0;
		};
/* End PBXSourcesBuildPhase section */

/* Begin PBXVariantGroup section */
		E1BBE9691C7D3BC500564206 /* Main.storyboard */ = {
			isa = PBXVariantGroup;
			children = (
				E1BBE96A1C7D3BC500564206 /* Base */,
			);
			name = Main.storyboard;
			sourceTree = "<group>";
		};
		E1BBE96E1C7D3BC500564206 /* LaunchScreen.storyboard */ = {
			isa = PBXVariantGroup;
			children = (
				E1BBE96F1C7D3BC500564206 /* Base */,
			);
			name = LaunchScreen.storyboard;
			sourceTree = "<group>";
		};
/* End PBXVariantGroup section */

/* Begin XCBuildConfiguration section */
		E1BBE9721C7D3BC500564206 /* Debug */ = {
			isa = XCBuildConfiguration;
			buildSettings = {
				ALWAYS_SEARCH_USER_PATHS = NO;
				CLANG_CXX_LANGUAGE_STANDARD = "gnu++0x";
				CLANG_CXX_LIBRARY = "libc++";
				CLANG_ENABLE_MODULES = YES;
				CLANG_ENABLE_OBJC_ARC = YES;
				CLANG_WARN_BOOL_CONVERSION = YES;
				CLANG_WARN_CONSTANT_CONVERSION = YES;
				CLANG_WARN_DIRECT_OBJC_ISA_USAGE = YES_ERROR;
				CLANG_WARN_EMPTY_BODY = YES;
				CLANG_WARN_ENUM_CONVERSION = YES;
				CLANG_WARN_INT_CONVERSION = YES;
				CLANG_WARN_OBJC_ROOT_CLASS = YES_ERROR;
				CLANG_WARN_UNREACHABLE_CODE = YES;
				CLANG_WARN__DUPLICATE_METHOD_MATCH = YES;
				"CODE_SIGN_IDENTITY[sdk=iphoneos*]" = "iPhone Developer";
				COPY_PHASE_STRIP = NO;
				DEBUG_INFORMATION_FORMAT = dwarf;
				ENABLE_STRICT_OBJC_MSGSEND = YES;
				ENABLE_TESTABILITY = YES;
				GCC_C_LANGUAGE_STANDARD = gnu99;
				GCC_DYNAMIC_NO_PIC = NO;
				GCC_NO_COMMON_BLOCKS = YES;
				GCC_OPTIMIZATION_LEVEL = 0;
				GCC_PREPROCESSOR_DEFINITIONS = (
					"DEBUG=1",
					"$(inherited)",
				);
				GCC_WARN_64_TO_32_BIT_CONVERSION = YES;
				GCC_WARN_ABOUT_RETURN_TYPE = YES_ERROR;
				GCC_WARN_UNDECLARED_SELECTOR = YES;
				GCC_WARN_UNINITIALIZED_AUTOS = YES_AGGRESSIVE;
				GCC_WARN_UNUSED_FUNCTION = YES;
				GCC_WARN_UNUSED_VARIABLE = YES;
				IPHONEOS_DEPLOYMENT_TARGET = 9.2;
				MTL_ENABLE_DEBUG_INFO = YES;
				ONLY_ACTIVE_ARCH = YES;
				SDKROOT = iphoneos;
				SWIFT_OPTIMIZATION_LEVEL = "-Onone";
				TARGETED_DEVICE_FAMILY = "1,2";
			};
			name = Debug;
		};
		E1BBE9731C7D3BC500564206 /* Release */ = {
			isa = XCBuildConfiguration;
			buildSettings = {
				ALWAYS_SEARCH_USER_PATHS = NO;
				CLANG_CXX_LANGUAGE_STANDARD = "gnu++0x";
				CLANG_CXX_LIBRARY = "libc++";
				CLANG_ENABLE_MODULES = YES;
				CLANG_ENABLE_OBJC_ARC = YES;
				CLANG_WARN_BOOL_CONVERSION = YES;
				CLANG_WARN_CONSTANT_CONVERSION = YES;
				CLANG_WARN_DIRECT_OBJC_ISA_USAGE = YES_ERROR;
				CLANG_WARN_EMPTY_BODY = YES;
				CLANG_WARN_ENUM_CONVERSION = YES;
				CLANG_WARN_INT_CONVERSION = YES;
				CLANG_WARN_OBJC_ROOT_CLASS = YES_ERROR;
				CLANG_WARN_UNREACHABLE_CODE = YES;
				CLANG_WARN__DUPLICATE_METHOD_MATCH = YES;
				"CODE_SIGN_IDENTITY[sdk=iphoneos*]" = "iPhone Developer";
				COPY_PHASE_STRIP = NO;
				DEBUG_INFORMATION_FORMAT = "dwarf-with-dsym";
				ENABLE_NS_ASSERTIONS = NO;
				ENABLE_STRICT_OBJC_MSGSEND = YES;
				GCC_C_LANGUAGE_STANDARD = gnu99;
				GCC_NO_COMMON_BLOCKS = YES;
				GCC_WARN_64_TO_32_BIT_CONVERSION = YES;
				GCC_WARN_ABOUT_RETURN_TYPE = YES_ERROR;
				GCC_WARN_UNDECLARED_SELECTOR = YES;
				GCC_WARN_UNINITIALIZED_AUTOS = YES_AGGRESSIVE;
				GCC_WARN_UNUSED_FUNCTION = YES;
				GCC_WARN_UNUSED_VARIABLE = YES;
				IPHONEOS_DEPLOYMENT_TARGET = 9.2;
				MTL_ENABLE_DEBUG_INFO = NO;
				SDKROOT = iphoneos;
				TARGETED_DEVICE_FAMILY = "1,2";
				VALIDATE_PRODUCT = YES;
			};
			name = Release;
		};
		E1BBE9751C7D3BC500564206 /* Debug */ = {
			isa = XCBuildConfiguration;
			buildSettings = {
				ASSETCATALOG_COMPILER_APPICON_NAME = AppIcon;
				CLANG_ENABLE_MODULES = YES;
				INFOPLIST_FILE = SmartDrive/Info.plist;
				LD_RUNPATH_SEARCH_PATHS = "$(inherited) @executable_path/Frameworks";
				PRODUCT_BUNDLE_IDENTIFIER = andye.SmartDrive;
				PRODUCT_NAME = "$(TARGET_NAME)";
				SWIFT_OBJC_BRIDGING_HEADER = "SmartDrive/SmartDrive-Bridging-Header.h";
				SWIFT_OPTIMIZATION_LEVEL = "-Onone";
				TARGETED_DEVICE_FAMILY = 1;
			};
			name = Debug;
		};
		E1BBE9761C7D3BC500564206 /* Release */ = {
			isa = XCBuildConfiguration;
			buildSettings = {
				ASSETCATALOG_COMPILER_APPICON_NAME = AppIcon;
				CLANG_ENABLE_MODULES = YES;
				INFOPLIST_FILE = SmartDrive/Info.plist;
				LD_RUNPATH_SEARCH_PATHS = "$(inherited) @executable_path/Frameworks";
				PRODUCT_BUNDLE_IDENTIFIER = andye.SmartDrive;
				PRODUCT_NAME = "$(TARGET_NAME)";
				SWIFT_OBJC_BRIDGING_HEADER = "SmartDrive/SmartDrive-Bridging-Header.h";
				TARGETED_DEVICE_FAMILY = 1;
			};
			name = Release;
		};
/* End XCBuildConfiguration section */

/* Begin XCConfigurationList section */
		E1BBE95D1C7D3BC500564206 /* Build configuration list for PBXProject "SmartDrive" */ = {
			isa = XCConfigurationList;
			buildConfigurations = (
				E1BBE9721C7D3BC500564206 /* Debug */,
				E1BBE9731C7D3BC500564206 /* Release */,
			);
			defaultConfigurationIsVisible = 0;
			defaultConfigurationName = Release;
		};
		E1BBE9741C7D3BC500564206 /* Build configuration list for PBXNativeTarget "SmartDrive" */ = {
			isa = XCConfigurationList;
			buildConfigurations = (
				E1BBE9751C7D3BC500564206 /* Debug */,
				E1BBE9761C7D3BC500564206 /* Release */,
			);
			defaultConfigurationIsVisible = 0;
			defaultConfigurationName = Release;
		};
/* End XCConfigurationList section */
	};
	rootObject = E1BBE95A1C7D3BC500564206 /* Project object */;
}
